<Solution>
  <Configurations>
    <BuildType Name="Debug" />
    <BuildType Name="Release" />
    <Platform Name="x64" />
  </Configurations>
  <Project Path="src/KuruExtract/KuruExtract.csproj">
    <BuildType Solution="All|*" Project="Release" />
    <Platform Project="x64" />
  </Project>
</Solution>
